<?xml version="1.0" encoding="UTF-8"?>
<Scheme
   LastUpgradeVersion = "1010"
   version = "1.3">
   <BuildAction
      parallelizeBuildables = "YES"
      buildImplicitDependencies = "YES">
      <BuildActionEntries>
         <BuildActionEntry
            buildForTesting = "YES"
            buildForRunning = "YES"
            buildForProfiling = "YES"
            buildForArchiving = "YES"
            buildForAnalyzing = "YES">
            <BuildableReference
               BuildableIdentifier = "primary"
               BlueprintIdentifier = "A67050F21967D667A39B7DC0"
               BuildableName = "TuistEmbedTest.app"
               BlueprintName = "TuistEmbedTest"
               ReferencedContainer = "container:TuistEmbedTest.xcodeproj">
            </BuildableReference>
         </BuildActionEntry>
         <BuildActionEntry
            buildForTesting = "YES"
            buildForRunning = "YES"
            buildForProfiling = "YES"
            buildForArchiving = "YES"
            buildForAnalyzing = "YES">
            <BuildableReference
               BuildableIdentifier = "primary"
               BlueprintIdentifier = "906A2CC3EE939AD18FDFCA1D"
               BuildableName = "TuistEmbedTestKit.framework"
               BlueprintName = "TuistEmbedTestKit"
               ReferencedContainer = "container:TuistEmbedTest.xcodeproj">
            </BuildableReference>
         </BuildActionEntry>
         <BuildActionEntry
            buildForTesting = "YES"
            buildForRunning = "YES"
            buildForProfiling = "YES"
            buildForArchiving = "YES"
            buildForAnalyzing = "YES">
            <BuildableReference
               BuildableIdentifier = "primary"
               BlueprintIdentifier = "D18C26CAE698EB767E124982"
               BuildableName = "TuistEmbedTestKitTests.xctest"
               BlueprintName = "TuistEmbedTestKitTests"
               ReferencedContainer = "container:TuistEmbedTest.xcodeproj">
            </BuildableReference>
         </BuildActionEntry>
         <BuildActionEntry
            buildForTesting = "YES"
            buildForRunning = "YES"
            buildForProfiling = "YES"
            buildForArchiving = "YES"
            buildForAnalyzing = "YES">
            <BuildableReference
               BuildableIdentifier = "primary"
               BlueprintIdentifier = "9DA39ED888546A26E137277A"
               BuildableName = "TuistEmbedTestTests.xctest"
               BlueprintName = "TuistEmbedTestTests"
               ReferencedContainer = "container:TuistEmbedTest.xcodeproj">
            </BuildableReference>
         </BuildActionEntry>
         <BuildActionEntry
            buildForTesting = "YES"
            buildForRunning = "YES"
            buildForProfiling = "YES"
            buildForArchiving = "YES"
            buildForAnalyzing = "YES">
            <BuildableReference
               BuildableIdentifier = "primary"
               BlueprintIdentifier = "D04EFEA42BC7F2331371AECF"
               BuildableName = "TuistEmbedTestUI.framework"
               BlueprintName = "TuistEmbedTestUI"
               ReferencedContainer = "container:TuistEmbedTest.xcodeproj">
            </BuildableReference>
         </BuildActionEntry>
         <BuildActionEntry
            buildForTesting = "YES"
            buildForRunning = "YES"
            buildForProfiling = "YES"
            buildForArchiving = "YES"
            buildForAnalyzing = "YES">
            <BuildableReference
               BuildableIdentifier = "primary"
               BlueprintIdentifier = "89B030D9FC07741563CB8C4C"
               BuildableName = "TuistEmbedTestUITests.xctest"
               BlueprintName = "TuistEmbedTestUITests"
               ReferencedContainer = "container:TuistEmbedTest.xcodeproj">
            </BuildableReference>
         </BuildActionEntry>
      </BuildActionEntries>
   </BuildAction>
   <TestAction
      buildConfiguration = "Debug"
      selectedDebuggerIdentifier = "Xcode.DebuggerFoundation.Debugger.LLDB"
      selectedLauncherIdentifier = "Xcode.DebuggerFoundation.Launcher.LLDB"
      shouldUseLaunchSchemeArgsEnv = "YES">
      <Testables>
         <TestableReference
            skipped = "NO">
            <BuildableReference
               BuildableIdentifier = "primary"
               BlueprintIdentifier = "D18C26CAE698EB767E124982"
               BuildableName = "TuistEmbedTestKitTests.xctest"
               BlueprintName = "TuistEmbedTestKitTests"
               ReferencedContainer = "container:TuistEmbedTest.xcodeproj">
            </BuildableReference>
         </TestableReference>
         <TestableReference
            skipped = "NO">
            <BuildableReference
               BuildableIdentifier = "primary"
               BlueprintIdentifier = "9DA39ED888546A26E137277A"
               BuildableName = "TuistEmbedTestTests.xctest"
               BlueprintName = "TuistEmbedTestTests"
               ReferencedContainer = "container:TuistEmbedTest.xcodeproj">
            </BuildableReference>
         </TestableReference>
         <TestableReference
            skipped = "NO">
            <BuildableReference
               BuildableIdentifier = "primary"
               BlueprintIdentifier = "89B030D9FC07741563CB8C4C"
               BuildableName = "TuistEmbedTestUITests.xctest"
               BlueprintName = "TuistEmbedTestUITests"
               ReferencedContainer = "container:TuistEmbedTest.xcodeproj">
            </BuildableReference>
         </TestableReference>
      </Testables>
   </TestAction>
   <LaunchAction
      buildConfiguration = "Debug"
      selectedDebuggerIdentifier = "Xcode.DebuggerFoundation.Debugger.LLDB"
      selectedLauncherIdentifier = "Xcode.DebuggerFoundation.Launcher.LLDB"
      launchStyle = "0"
      useCustomWorkingDirectory = "NO"
      ignoresPersistentStateOnLaunch = "NO"
      debugDocumentVersioning = "YES"
      debugServiceExtension = "internal"
      allowLocationSimulation = "YES">
      <BuildableProductRunnable
         runnableDebuggingMode = "0">
         <BuildableReference
            BuildableIdentifier = "primary"
            BlueprintIdentifier = "A67050F21967D667A39B7DC0"
            BuildableName = "TuistEmbedTest.app"
            BlueprintName = "TuistEmbedTest"
            ReferencedContainer = "container:TuistEmbedTest.xcodeproj">
         </BuildableReference>
      </BuildableProductRunnable>
   </LaunchAction>
   <ProfileAction
      buildConfiguration = "Release"
      shouldUseLaunchSchemeArgsEnv = "YES"
      savedToolIdentifier = ""
      useCustomWorkingDirectory = "NO"
      debugDocumentVersioning = "YES">
      <BuildableProductRunnable
         runnableDebuggingMode = "0">
         <BuildableReference
            BuildableIdentifier = "primary"
            BlueprintIdentifier = "A67050F21967D667A39B7DC0"
            BuildableName = "TuistEmbedTest.app"
            BlueprintName = "TuistEmbedTest"
            ReferencedContainer = "container:TuistEmbedTest.xcodeproj">
         </BuildableReference>
      </BuildableProductRunnable>
   </ProfileAction>
   <AnalyzeAction
      buildConfiguration = "Debug">
   </AnalyzeAction>
   <ArchiveAction
      buildConfiguration = "Release"
      revealArchiveInOrganizer = "YES">
   </ArchiveAction>
</Scheme>
